
Microsoft Visual Studio Solution File, Format Version 12.00
# Visual Studio Version 17
VisualStudioVersion = 17.7.34202.233
MinimumVisualStudioVersion = 10.0.40219.1
Project("{8BC9CEB8-8B4A-11D0-8D11-00A0C91BC942}") = "Binary search", "Binary search\Binary search.vcxproj", "{D7953FD5-0208-4A9F-8B69-EE4AC380B6EF}"
EndProject
Global
	GlobalSection(SolutionConfigurationPlatforms) = preSolution
		Debug|x64 = Debug|x64
		Debug|x86 = Debug|x86
		Release|x64 = Release|x64
		Release|x86 = Release|x86
	EndGlobalSection
	GlobalSection(ProjectConfigurationPlatforms) = postSolution
		{D7953FD5-0208-4A9F-8B69-EE4AC380B6EF}.Debug|x64.ActiveCfg = Debug|x64
		{D7953FD5-0208-4A9F-8B69-EE4AC380B6EF}.Debug|x64.Build.0 = Debug|x64
		{D7953FD5-0208-4A9F-8B69-EE4AC380B6EF}.Debug|x86.ActiveCfg = Debug|Win32
		{D7953FD5-0208-4A9F-8B69-EE4AC380B6EF}.Debug|x86.Build.0 = Debug|Win32
		{D7953FD5-0208-4A9F-8B69-EE4AC380B6EF}.Release|x64.ActiveCfg = Release|x64
		{D7953FD5-0208-4A9F-8B69-EE4AC380B6EF}.Release|x64.Build.0 = Release|x64
		{D7953FD5-0208-4A9F-8B69-EE4AC380B6EF}.Release|x86.ActiveCfg = Release|Win32
		{D7953FD5-0208-4A9F-8B69-EE4AC380B6EF}.Release|x86.Build.0 = Release|Win32
	EndGlobalSection
	GlobalSection(SolutionProperties) = preSolution
		HideSolutionNode = FALSE
	EndGlobalSection
	GlobalSection(ExtensibilityGlobals) = postSolution
		SolutionGuid = {C9921FEA-2395-494C-89C2-2B67E5C6D2CA}
	EndGlobalSection
EndGlobal
